
Microsoft Visual Studio Solution File, Format Version 12.00
# Visual Studio Version 17
VisualStudioVersion = 17.14.36414.22 d17.14
MinimumVisualStudioVersion = 10.0.40219.1
Project("{FAE04EC0-301F-11D3-BF4B-00C04F79EFBC}") = "PWTest", "PWTest.csproj", "{4839744E-BD8B-46B7-9C2F-21EDC3F0B885}"
EndProject
Global
	GlobalSection(SolutionConfigurationPlatforms) = preSolution
		Debug|Any CPU = Debug|Any CPU
		Release|Any CPU = Release|Any CPU
	EndGlobalSection
	GlobalSection(ProjectConfigurationPlatforms) = postSolution
		{4839744E-BD8B-46B7-9C2F-21EDC3F0B885}.Debug|Any CPU.ActiveCfg = Debug|Any CPU
		{4839744E-BD8B-46B7-9C2F-21EDC3F0B885}.Debug|Any CPU.Build.0 = Debug|Any CPU
		{4839744E-BD8B-46B7-9C2F-21EDC3F0B885}.Release|Any CPU.ActiveCfg = Release|Any CPU
		{4839744E-BD8B-46B7-9C2F-21EDC3F0B885}.Release|Any CPU.Build.0 = Release|Any CPU
	EndGlobalSection
	GlobalSection(SolutionProperties) = preSolution
		HideSolutionNode = FALSE
	EndGlobalSection
	GlobalSection(ExtensibilityGlobals) = postSolution
		SolutionGuid = {290C6426-1B94-4BF8-AADA-3794A65A3A4F}
	EndGlobalSection
EndGlobal
